// !$*UTF8*$!
{
	archiveVersion = 1;
	classes = {
	};
	objectVersion = 56;
	objects = {

/* Begin PBXBuildFile section */
		D40233F42B19A29C002CECD5 /* DummyViewController.swift in Sources */ = {isa = PBXBuildFile; fileRef = D40233F32B19A29C002CECD5 /* DummyViewController.swift */; };
		D40233F72B19BE19002CECD5 /* LocalState.swift in Sources */ = {isa = PBXBuildFile; fileRef = D40233F62B19BE19002CECD5 /* LocalState.swift */; };
		D41B506D2B16D5780013F611 /* OnboardingContainerViewController.swift in Sources */ = {isa = PBXBuildFile; fileRef = D41B506C2B16D5780013F611 /* OnboardingContainerViewController.swift */; };
		D41B506F2B171D830013F611 /* OnboardingViewController.swift in Sources */ = {isa = PBXBuildFile; fileRef = D41B506E2B171D830013F611 /* OnboardingViewController.swift */; };
		D41CC8782B158F8300BF0642 /* LoginView.swift in Sources */ = {isa = PBXBuildFile; fileRef = D41CC8772B158F8300BF0642 /* LoginView.swift */; };
		D4CD74232B18693E007A5A96 /* WeatherServiceDS.swift in Sources */ = {isa = PBXBuildFile; fileRef = D4CD74222B18693E007A5A96 /* WeatherServiceDS.swift */; };
		D4CD74252B186BCB007A5A96 /* WeatherViewControllerDS.swift in Sources */ = {isa = PBXBuildFile; fileRef = D4CD74242B186BCB007A5A96 /* WeatherViewControllerDS.swift */; };
		D4D7A0192B1860E6002C05EF /* WeatherService.swift in Sources */ = {isa = PBXBuildFile; fileRef = D4D7A0182B1860E6002C05EF /* WeatherService.swift */; };
		D4D7A01B2B18610E002C05EF /* WeatherViewController.swift in Sources */ = {isa = PBXBuildFile; fileRef = D4D7A01A2B18610E002C05EF /* WeatherViewController.swift */; };
		D4FEEC172B14F34F0060D4F0 /* AppDelegate.swift in Sources */ = {isa = PBXBuildFile; fileRef = D4FEEC162B14F34F0060D4F0 /* AppDelegate.swift */; };
		D4FEEC1B2B14F34F0060D4F0 /* LoginViewController.swift in Sources */ = {isa = PBXBuildFile; fileRef = D4FEEC1A2B14F34F0060D4F0 /* LoginViewController.swift */; };
		D4FEEC202B14F3500060D4F0 /* Assets.xcassets in Resources */ = {isa = PBXBuildFile; fileRef = D4FEEC1F2B14F3500060D4F0 /* Assets.xcassets */; };
		D4FEEC232B14F3500060D4F0 /* LaunchScreen.storyboard in Resources */ = {isa = PBXBuildFile; fileRef = D4FEEC212B14F3500060D4F0 /* LaunchScreen.storyboard */; };
/* End PBXBuildFile section */

/* Begin PBXFileReference section */
		D40233F32B19A29C002CECD5 /* DummyViewController.swift */ = {isa = PBXFileReference; lastKnownFileType = sourcecode.swift; name = DummyViewController.swift; path = Bankey/DummyViewController.swift; sourceTree = SOURCE_ROOT; };
		D40233F62B19BE19002CECD5 /* LocalState.swift */ = {isa = PBXFileReference; lastKnownFileType = sourcecode.swift; path = LocalState.swift; sourceTree = "<group>"; };
		D41B506C2B16D5780013F611 /* OnboardingContainerViewController.swift */ = {isa = PBXFileReference; lastKnownFileType = sourcecode.swift; path = OnboardingContainerViewController.swift; sourceTree = "<group>"; };
		D41B506E2B171D830013F611 /* OnboardingViewController.swift */ = {isa = PBXFileReference; lastKnownFileType = sourcecode.swift; path = OnboardingViewController.swift; sourceTree = "<group>"; };
		D41CC8772B158F8300BF0642 /* LoginView.swift */ = {isa = PBXFileReference; lastKnownFileType = sourcecode.swift; path = LoginView.swift; sourceTree = "<group>"; };
		D4CD74222B18693E007A5A96 /* WeatherServiceDS.swift */ = {isa = PBXFileReference; lastKnownFileType = sourcecode.swift; path = WeatherServiceDS.swift; sourceTree = "<group>"; };
		D4CD74242B186BCB007A5A96 /* WeatherViewControllerDS.swift */ = {isa = PBXFileReference; lastKnownFileType = sourcecode.swift; path = WeatherViewControllerDS.swift; sourceTree = "<group>"; };
		D4D7A0182B1860E6002C05EF /* WeatherService.swift */ = {isa = PBXFileReference; lastKnownFileType = sourcecode.swift; path = WeatherService.swift; sourceTree = "<group>"; };
		D4D7A01A2B18610E002C05EF /* WeatherViewController.swift */ = {isa = PBXFileReference; lastKnownFileType = sourcecode.swift; path = WeatherViewController.swift; sourceTree = "<group>"; };
		D4FEEC132B14F34F0060D4F0 /* Bankey.app */ = {isa = PBXFileReference; explicitFileType = wrapper.application; includeInIndex = 0; path = Bankey.app; sourceTree = BUILT_PRODUCTS_DIR; };
		D4FEEC162B14F34F0060D4F0 /* AppDelegate.swift */ = {isa = PBXFileReference; lastKnownFileType = sourcecode.swift; path = AppDelegate.swift; sourceTree = "<group>"; };
		D4FEEC1A2B14F34F0060D4F0 /* LoginViewController.swift */ = {isa = PBXFileReference; lastKnownFileType = sourcecode.swift; path = LoginViewController.swift; sourceTree = "<group>"; };
		D4FEEC1F2B14F3500060D4F0 /* Assets.xcassets */ = {isa = PBXFileReference; lastKnownFileType = folder.assetcatalog; path = Assets.xcassets; sourceTree = "<group>"; };
		D4FEEC222B14F3500060D4F0 /* Base */ = {isa = PBXFileReference; lastKnownFileType = file.storyboard; name = Base; path = Base.lproj/LaunchScreen.storyboard; sourceTree = "<group>"; };
		D4FEEC242B14F3500060D4F0 /* Info.plist */ = {isa = PBXFileReference; lastKnownFileType = text.plist.xml; path = Info.plist; sourceTree = "<group>"; };
/* End PBXFileReference section */

/* Begin PBXFrameworksBuildPhase section */
		D4FEEC102B14F34F0060D4F0 /* Frameworks */ = {
			isa = PBXFrameworksBuildPhase;
			buildActionMask = 2147483647;
			files = (
			);
			runOnlyForDeploymentPostprocessing = 0;
		};
/* End PBXFrameworksBuildPhase section */

/* Begin PBXGroup section */
		D40233F52B19BE08002CECD5 /* Utils */ = {
			isa = PBXGroup;
			children = (
				D40233F62B19BE19002CECD5 /* LocalState.swift */,
			);
			path = Utils;
			sourceTree = "<group>";
		};
		D41B506B2B16D4950013F611 /* Onboarding */ = {
			isa = PBXGroup;
			children = (
				D41B506C2B16D5780013F611 /* OnboardingContainerViewController.swift */,
				D41B506E2B171D830013F611 /* OnboardingViewController.swift */,
			);
			path = Onboarding;
			sourceTree = "<group>";
		};
		D41CC8752B158EF100BF0642 /* Files */ = {
			isa = PBXGroup;
			children = (
				D4FEEC1F2B14F3500060D4F0 /* Assets.xcassets */,
				D4FEEC212B14F3500060D4F0 /* LaunchScreen.storyboard */,
				D4FEEC242B14F3500060D4F0 /* Info.plist */,
			);
			name = Files;
			sourceTree = "<group>";
		};
		D41CC8762B158F5800BF0642 /* Login */ = {
			isa = PBXGroup;
			children = (
				D40233F32B19A29C002CECD5 /* DummyViewController.swift */,
				D4FEEC1A2B14F34F0060D4F0 /* LoginViewController.swift */,
				D41CC8772B158F8300BF0642 /* LoginView.swift */,
			);
			path = Login;
			sourceTree = "<group>";
		};
		D4D7A01C2B18688E002C05EF /* DataSource Pattern */ = {
			isa = PBXGroup;
			children = (
				D4CD74222B18693E007A5A96 /* WeatherServiceDS.swift */,
				D4CD74242B186BCB007A5A96 /* WeatherViewControllerDS.swift */,
			);
			path = "DataSource Pattern";
			sourceTree = "<group>";
		};
		D4D7A01E2B1868BC002C05EF /* Protocol-Delegate Pattern */ = {
			isa = PBXGroup;
			children = (
				D4D7A01A2B18610E002C05EF /* WeatherViewController.swift */,
				D4D7A0182B1860E6002C05EF /* WeatherService.swift */,
			);
			path = "Protocol-Delegate Pattern";
			sourceTree = "<group>";
		};
		D4FEEC0A2B14F34F0060D4F0 = {
			isa = PBXGroup;
			children = (
				D4FEEC152B14F34F0060D4F0 /* Bankey */,
				D4FEEC142B14F34F0060D4F0 /* Products */,
			);
			sourceTree = "<group>";
		};
		D4FEEC142B14F34F0060D4F0 /* Products */ = {
			isa = PBXGroup;
			children = (
				D4FEEC132B14F34F0060D4F0 /* Bankey.app */,
			);
			name = Products;
			sourceTree = "<group>";
		};
		D4FEEC152B14F34F0060D4F0 /* Bankey */ = {
			isa = PBXGroup;
			children = (
				D40233F52B19BE08002CECD5 /* Utils */,
				D4D7A01E2B1868BC002C05EF /* Protocol-Delegate Pattern */,
				D4D7A01C2B18688E002C05EF /* DataSource Pattern */,
				D41B506B2B16D4950013F611 /* Onboarding */,
				D41CC8762B158F5800BF0642 /* Login */,
				D4FEEC162B14F34F0060D4F0 /* AppDelegate.swift */,
				D41CC8752B158EF100BF0642 /* Files */,
			);
			path = Bankey;
			sourceTree = "<group>";
		};
/* End PBXGroup section */

/* Begin PBXNativeTarget section */
		D4FEEC122B14F34F0060D4F0 /* Bankey */ = {
			isa = PBXNativeTarget;
			buildConfigurationList = D4FEEC272B14F3500060D4F0 /* Build configuration list for PBXNativeTarget "Bankey" */;
			buildPhases = (
				D4FEEC0F2B14F34F0060D4F0 /* Sources */,
				D4FEEC102B14F34F0060D4F0 /* Frameworks */,
				D4FEEC112B14F34F0060D4F0 /* Resources */,
			);
			buildRules = (
			);
			dependencies = (
			);
			name = Bankey;
			productName = Bankey;
			productReference = D4FEEC132B14F34F0060D4F0 /* Bankey.app */;
			productType = "com.apple.product-type.application";
		};
/* End PBXNativeTarget section */

/* Begin PBXProject section */
		D4FEEC0B2B14F34F0060D4F0 /* Project object */ = {
			isa = PBXProject;
			attributes = {
				BuildIndependentTargetsInParallel = 1;
				LastSwiftUpdateCheck = 1500;
				LastUpgradeCheck = 1500;
				TargetAttributes = {
					D4FEEC122B14F34F0060D4F0 = {
						CreatedOnToolsVersion = 15.0.1;
					};
				};
			};
			buildConfigurationList = D4FEEC0E2B14F34F0060D4F0 /* Build configuration list for PBXProject "Bankey" */;
			compatibilityVersion = "Xcode 14.0";
			developmentRegion = en;
			hasScannedForEncodings = 0;
			knownRegions = (
				en,
				Base,
			);
			mainGroup = D4FEEC0A2B14F34F0060D4F0;
			productRefGroup = D4FEEC142B14F34F0060D4F0 /* Products */;
			projectDirPath = "";
			projectRoot = "";
			targets = (
				D4FEEC122B14F34F0060D4F0 /* Bankey */,
			);
		};
/* End PBXProject section */

/* Begin PBXResourcesBuildPhase section */
		D4FEEC112B14F34F0060D4F0 /* Resources */ = {
			isa = PBXResourcesBuildPhase;
			buildActionMask = 2147483647;
			files = (
				D4FEEC232B14F3500060D4F0 /* LaunchScreen.storyboard in Resources */,
				D4FEEC202B14F3500060D4F0 /* Assets.xcassets in Resources */,
			);
			runOnlyForDeploymentPostprocessing = 0;
		};
/* End PBXResourcesBuildPhase section */

/* Begin PBXSourcesBuildPhase section */
		D4FEEC0F2B14F34F0060D4F0 /* Sources */ = {
			isa = PBXSourcesBuildPhase;
			buildActionMask = 2147483647;
			files = (
				D4CD74232B18693E007A5A96 /* WeatherServiceDS.swift in Sources */,
				D4D7A0192B1860E6002C05EF /* WeatherService.swift in Sources */,
				D41CC8782B158F8300BF0642 /* LoginView.swift in Sources */,
				D40233F42B19A29C002CECD5 /* DummyViewController.swift in Sources */,
				D4FEEC1B2B14F34F0060D4F0 /* LoginViewController.swift in Sources */,
				D41B506F2B171D830013F611 /* OnboardingViewController.swift in Sources */,
				D40233F72B19BE19002CECD5 /* LocalState.swift in Sources */,
				D4CD74252B186BCB007A5A96 /* WeatherViewControllerDS.swift in Sources */,
				D4FEEC172B14F34F0060D4F0 /* AppDelegate.swift in Sources */,
				D4D7A01B2B18610E002C05EF /* WeatherViewController.swift in Sources */,
				D41B506D2B16D5780013F611 /* OnboardingContainerViewController.swift in Sources */,
			);
			runOnlyForDeploymentPostprocessing = 0;
		};
/* End PBXSourcesBuildPhase section */

/* Begin PBXVariantGroup section */
		D4FEEC212B14F3500060D4F0 /* LaunchScreen.storyboard */ = {
			isa = PBXVariantGroup;
			children = (
				D4FEEC222B14F3500060D4F0 /* Base */,
			);
			name = LaunchScreen.storyboard;
			sourceTree = "<group>";
		};
/* End PBXVariantGroup section */

/* Begin XCBuildConfiguration section */
		D4FEEC252B14F3500060D4F0 /* Debug */ = {
			isa = XCBuildConfiguration;
			buildSettings = {
				ALWAYS_SEARCH_USER_PATHS = NO;
				ASSETCATALOG_COMPILER_GENERATE_SWIFT_ASSET_SYMBOL_EXTENSIONS = YES;
				CLANG_ANALYZER_NONNULL = YES;
				CLANG_ANALYZER_NUMBER_OBJECT_CONVERSION = YES_AGGRESSIVE;
				CLANG_CXX_LANGUAGE_STANDARD = "gnu++20";
				CLANG_ENABLE_MODULES = YES;
				CLANG_ENABLE_OBJC_ARC = YES;
				CLANG_ENABLE_OBJC_WEAK = YES;
				CLANG_WARN_BLOCK_CAPTURE_AUTORELEASING = YES;
				CLANG_WARN_BOOL_CONVERSION = YES;
				CLANG_WARN_COMMA = YES;
				CLANG_WARN_CONSTANT_CONVERSION = YES;
				CLANG_WARN_DEPRECATED_OBJC_IMPLEMENTATIONS = YES;
				CLANG_WARN_DIRECT_OBJC_ISA_USAGE = YES_ERROR;
				CLANG_WARN_DOCUMENTATION_COMMENTS = YES;
				CLANG_WARN_EMPTY_BODY = YES;
				CLANG_WARN_ENUM_CONVERSION = YES;
				CLANG_WARN_INFINITE_RECURSION = YES;
				CLANG_WARN_INT_CONVERSION = YES;
				CLANG_WARN_NON_LITERAL_NULL_CONVERSION = YES;
				CLANG_WARN_OBJC_IMPLICIT_RETAIN_SELF = YES;
				CLANG_WARN_OBJC_LITERAL_CONVERSION = YES;
				CLANG_WARN_OBJC_ROOT_CLASS = YES_ERROR;
				CLANG_WARN_QUOTED_INCLUDE_IN_FRAMEWORK_HEADER = YES;
				CLANG_WARN_RANGE_LOOP_ANALYSIS = YES;
				CLANG_WARN_STRICT_PROTOTYPES = YES;
				CLANG_WARN_SUSPICIOUS_MOVE = YES;
				CLANG_WARN_UNGUARDED_AVAILABILITY = YES_AGGRESSIVE;
				CLANG_WARN_UNREACHABLE_CODE = YES;
				CLANG_WARN__DUPLICATE_METHOD_MATCH = YES;
				COPY_PHASE_STRIP = NO;
				DEBUG_INFORMATION_FORMAT = dwarf;
				ENABLE_STRICT_OBJC_MSGSEND = YES;
				ENABLE_TESTABILITY = YES;
				ENABLE_USER_SCRIPT_SANDBOXING = YES;
				GCC_C_LANGUAGE_STANDARD = gnu17;
				GCC_DYNAMIC_NO_PIC = NO;
				GCC_NO_COMMON_BLOCKS = YES;
				GCC_OPTIMIZATION_LEVEL = 0;
				GCC_PREPROCESSOR_DEFINITIONS = (
					"DEBUG=1",
					"$(inherited)",
				);
				GCC_WARN_64_TO_32_BIT_CONVERSION = YES;
				GCC_WARN_ABOUT_RETURN_TYPE = YES_ERROR;
				GCC_WARN_UNDECLARED_SELECTOR = YES;
				GCC_WARN_UNINITIALIZED_AUTOS = YES_AGGRESSIVE;
				GCC_WARN_UNUSED_FUNCTION = YES;
				GCC_WARN_UNUSED_VARIABLE = YES;
				IPHONEOS_DEPLOYMENT_TARGET = 17.0;
				LOCALIZATION_PREFERS_STRING_CATALOGS = YES;
				MTL_ENABLE_DEBUG_INFO = INCLUDE_SOURCE;
				MTL_FAST_MATH = YES;
				ONLY_ACTIVE_ARCH = YES;
				SDKROOT = iphoneos;
				SWIFT_ACTIVE_COMPILATION_CONDITIONS = "DEBUG $(inherited)";
				SWIFT_OPTIMIZATION_LEVEL = "-Onone";
			};
			name = Debug;
		};
		D4FEEC262B14F3500060D4F0 /* Release */ = {
			isa = XCBuildConfiguration;
			buildSettings = {
				ALWAYS_SEARCH_USER_PATHS = NO;
				ASSETCATALOG_COMPILER_GENERATE_SWIFT_ASSET_SYMBOL_EXTENSIONS = YES;
				CLANG_ANALYZER_NONNULL = YES;
				CLANG_ANALYZER_NUMBER_OBJECT_CONVERSION = YES_AGGRESSIVE;
				CLANG_CXX_LANGUAGE_STANDARD = "gnu++20";
				CLANG_ENABLE_MODULES = YES;
				CLANG_ENABLE_OBJC_ARC = YES;
				CLANG_ENABLE_OBJC_WEAK = YES;
				CLANG_WARN_BLOCK_CAPTURE_AUTORELEASING = YES;
				CLANG_WARN_BOOL_CONVERSION = YES;
				CLANG_WARN_COMMA = YES;
				CLANG_WARN_CONSTANT_CONVERSION = YES;
				CLANG_WARN_DEPRECATED_OBJC_IMPLEMENTATIONS = YES;
				CLANG_WARN_DIRECT_OBJC_ISA_USAGE = YES_ERROR;
				CLANG_WARN_DOCUMENTATION_COMMENTS = YES;
				CLANG_WARN_EMPTY_BODY = YES;
				CLANG_WARN_ENUM_CONVERSION = YES;
				CLANG_WARN_INFINITE_RECURSION = YES;
				CLANG_WARN_INT_CONVERSION = YES;
				CLANG_WARN_NON_LITERAL_NULL_CONVERSION = YES;
				CLANG_WARN_OBJC_IMPLICIT_RETAIN_SELF = YES;
				CLANG_WARN_OBJC_LITERAL_CONVERSION = YES;
				CLANG_WARN_OBJC_ROOT_CLASS = YES_ERROR;
				CLANG_WARN_QUOTED_INCLUDE_IN_FRAMEWORK_HEADER = YES;
				CLANG_WARN_RANGE_LOOP_ANALYSIS = YES;
				CLANG_WARN_STRICT_PROTOTYPES = YES;
				CLANG_WARN_SUSPICIOUS_MOVE = YES;
				CLANG_WARN_UNGUARDED_AVAILABILITY = YES_AGGRESSIVE;
				CLANG_WARN_UNREACHABLE_CODE = YES;
				CLANG_WARN__DUPLICATE_METHOD_MATCH = YES;
				COPY_PHASE_STRIP = NO;
				DEBUG_INFORMATION_FORMAT = "dwarf-with-dsym";
				ENABLE_NS_ASSERTIONS = NO;
				ENABLE_STRICT_OBJC_MSGSEND = YES;
				ENABLE_USER_SCRIPT_SANDBOXING = YES;
				GCC_C_LANGUAGE_STANDARD = gnu17;
				GCC_NO_COMMON_BLOCKS = YES;
				GCC_WARN_64_TO_32_BIT_CONVERSION = YES;
				GCC_WARN_ABOUT_RETURN_TYPE = YES_ERROR;
				GCC_WARN_UNDECLARED_SELECTOR = YES;
				GCC_WARN_UNINITIALIZED_AUTOS = YES_AGGRESSIVE;
				GCC_WARN_UNUSED_FUNCTION = YES;
				GCC_WARN_UNUSED_VARIABLE = YES;
				IPHONEOS_DEPLOYMENT_TARGET = 17.0;
				LOCALIZATION_PREFERS_STRING_CATALOGS = YES;
				MTL_ENABLE_DEBUG_INFO = NO;
				MTL_FAST_MATH = YES;
				SDKROOT = iphoneos;
				SWIFT_COMPILATION_MODE = wholemodule;
				VALIDATE_PRODUCT = YES;
			};
			name = Release;
		};
		D4FEEC282B14F3500060D4F0 /* Debug */ = {
			isa = XCBuildConfiguration;
			buildSettings = {
				ASSETCATALOG_COMPILER_APPICON_NAME = AppIcon;
				ASSETCATALOG_COMPILER_GLOBAL_ACCENT_COLOR_NAME = AccentColor;
				CODE_SIGN_STYLE = Automatic;
				CURRENT_PROJECT_VERSION = 1;
				GENERATE_INFOPLIST_FILE = YES;
				INFOPLIST_FILE = Bankey/Info.plist;
				INFOPLIST_KEY_UIApplicationSupportsIndirectInputEvents = YES;
				INFOPLIST_KEY_UILaunchStoryboardName = LaunchScreen;
				INFOPLIST_KEY_UISupportedInterfaceOrientations_iPad = "UIInterfaceOrientationPortrait UIInterfaceOrientationPortraitUpsideDown UIInterfaceOrientationLandscapeLeft UIInterfaceOrientationLandscapeRight";
				INFOPLIST_KEY_UISupportedInterfaceOrientations_iPhone = "UIInterfaceOrientationPortrait UIInterfaceOrientationLandscapeLeft UIInterfaceOrientationLandscapeRight";
				LD_RUNPATH_SEARCH_PATHS = (
					"$(inherited)",
					"@executable_path/Frameworks",
				);
				MARKETING_VERSION = 1.0;
				PRODUCT_BUNDLE_IDENTIFIER = com.fdmgroup.Bankey;
				PRODUCT_NAME = "$(TARGET_NAME)";
				SWIFT_EMIT_LOC_STRINGS = YES;
				SWIFT_VERSION = 5.0;
				TARGETED_DEVICE_FAMILY = "1,2";
			};
			name = Debug;
		};
		D4FEEC292B14F3500060D4F0 /* Release */ = {
			isa = XCBuildConfiguration;
			buildSettings = {
				ASSETCATALOG_COMPILER_APPICON_NAME = AppIcon;
				ASSETCATALOG_COMPILER_GLOBAL_ACCENT_COLOR_NAME = AccentColor;
				CODE_SIGN_STYLE = Automatic;
				CURRENT_PROJECT_VERSION = 1;
				GENERATE_INFOPLIST_FILE = YES;
				INFOPLIST_FILE = Bankey/Info.plist;
				INFOPLIST_KEY_UIApplicationSupportsIndirectInputEvents = YES;
				INFOPLIST_KEY_UILaunchStoryboardName = LaunchScreen;
				INFOPLIST_KEY_UISupportedInterfaceOrientations_iPad = "UIInterfaceOrientationPortrait UIInterfaceOrientationPortraitUpsideDown UIInterfaceOrientationLandscapeLeft UIInterfaceOrientationLandscapeRight";
				INFOPLIST_KEY_UISupportedInterfaceOrientations_iPhone = "UIInterfaceOrientationPortrait UIInterfaceOrientationLandscapeLeft UIInterfaceOrientationLandscapeRight";
				LD_RUNPATH_SEARCH_PATHS = (
					"$(inherited)",
					"@executable_path/Frameworks",
				);
				MARKETING_VERSION = 1.0;
				PRODUCT_BUNDLE_IDENTIFIER = com.fdmgroup.Bankey;
				PRODUCT_NAME = "$(TARGET_NAME)";
				SWIFT_EMIT_LOC_STRINGS = YES;
				SWIFT_VERSION = 5.0;
				TARGETED_DEVICE_FAMILY = "1,2";
			};
			name = Release;
		};
/* End XCBuildConfiguration section */

/* Begin XCConfigurationList section */
		D4FEEC0E2B14F34F0060D4F0 /* Build configuration list for PBXProject "Bankey" */ = {
			isa = XCConfigurationList;
			buildConfigurations = (
				D4FEEC252B14F3500060D4F0 /* Debug */,
				D4FEEC262B14F3500060D4F0 /* Release */,
			);
			defaultConfigurationIsVisible = 0;
			defaultConfigurationName = Release;
		};
		D4FEEC272B14F3500060D4F0 /* Build configuration list for PBXNativeTarget "Bankey" */ = {
			isa = XCConfigurationList;
			buildConfigurations = (
				D4FEEC282B14F3500060D4F0 /* Debug */,
				D4FEEC292B14F3500060D4F0 /* Release */,
			);
			defaultConfigurationIsVisible = 0;
			defaultConfigurationName = Release;
		};
/* End XCConfigurationList section */
	};
	rootObject = D4FEEC0B2B14F34F0060D4F0 /* Project object */;
}
